Microsoft Visual Studio Solution File, Format Version 8.00
Project("{8BC9CEB8-8B4A-11D0-8D11-00A0C91BC942}") = "d3d9_screenshot", "d3d9_screenshot.vcproj", "{8CD63705-5F29-4400-B24B-F5A74180F68D}"
	ProjectSection(ProjectDependencies) = postProject
	EndProjectSection
EndProject
Global
	GlobalSection(SolutionConfiguration) = preSolution
		Debug = Debug
		Release = Release
	EndGlobalSection
	GlobalSection(ProjectConfiguration) = postSolution
		{8CD63705-5F29-4400-B24B-F5A74180F68D}.Debug.ActiveCfg = Debug|Win32
		{8CD63705-5F29-4400-B24B-F5A74180F68D}.Debug.Build.0 = Debug|Win32
		{8CD63705-5F29-4400-B24B-F5A74180F68D}.Release.ActiveCfg = Release|Win32
		{8CD63705-5F29-4400-B24B-F5A74180F68D}.Release.Build.0 = Release|Win32
	EndGlobalSection
	GlobalSection(ExtensibilityGlobals) = postSolution
	EndGlobalSection
	GlobalSection(ExtensibilityAddIns) = postSolution
	EndGlobalSection
EndGlobal
