<?xml version="1.0" encoding="UTF-8" standalone="yes" ?>
<CodeBlocks_project_file>
	<FileVersion major="1" minor="6" />
	<Project>
		<Option title="asin_network_client" />
		<Option pch_mode="2" />
		<Option compiler="gcc" />
		<Build>
			<Target title="Debug">
				<Option output="bin/Debug/asin_network_client" prefix_auto="1" extension_auto="1" />
				<Option object_output="obj/Debug/" />
				<Option type="1" />
				<Option compiler="gcc" />
				<Compiler>
					<Add option="-g" />
					<Add directory="$(#boost.include)" />
				</Compiler>
				<Linker>
					<Add library="C:\Program Files\CodeBlocks\lib\libboost_system-mgw47-mt-d-1_55.a" />
					<Add library="C:\Program Files\CodeBlocks\lib\libboost_system-mgw47-mt-1_55.a" />
					<Add library="C:\Program Files\CodeBlocks\MinGW\lib\libwsock32.a" />
					<Add library="C:\Program Files\CodeBlocks\MinGW\lib\libws2_32.a" />
					<Add directory="$(#boost.lib)" />
				</Linker>
			</Target>
			<Target title="Release">
				<Option output="bin/Release/asin_network_client" prefix_auto="1" extension_auto="1" />
				<Option object_output="obj/Release/" />
				<Option type="1" />
				<Option compiler="gcc" />
				<Compiler>
					<Add option="-O2" />
					<Add directory="$(#boost.include)" />
				</Compiler>
				<Linker>
					<Add option="-s" />
					<Add library="C:\Program Files\CodeBlocks\MinGW\lib\libws2_32.a" />
					<Add library="C:\Program Files\CodeBlocks\MinGW\lib\libwsock32.a" />
					<Add library="C:\Program Files\CodeBlocks\lib\libboost_system-mgw47-mt-1_55.a" />
					<Add directory="$(#boost.lib)" />
				</Linker>
			</Target>
		</Build>
		<Compiler>
			<Add option="-Wall" />
			<Add option="-fexceptions" />
		</Compiler>
		<Unit filename="client.cpp" />
		<Unit filename="client.h" />
		<Unit filename="main.cpp" />
		<Unit filename="parent.h" />
		<Extensions>
			<code_completion />
			<envvars />
			<debugger />
			<lib_finder disable_auto="1" />
		</Extensions>
	</Project>
</CodeBlocks_project_file>
