Microsoft Visual Studio Solution File, Format Version 8.00
Project("{8BC9CEB8-8B4A-11D0-8D11-00A0C91BC942}") = "TatniumInjector", "TatniumInjector.vcproj", "{AB3547DE-1009-4CD2-AEBA-698A0160DF43}"
	ProjectSection(ProjectDependencies) = postProject
	EndProjectSection
EndProject
Global
	GlobalSection(SolutionConfiguration) = preSolution
		Release = Release
	EndGlobalSection
	GlobalSection(ProjectConfiguration) = postSolution
		{AB3547DE-1009-4CD2-AEBA-698A0160DF43}.Release.ActiveCfg = Release|Win32
		{AB3547DE-1009-4CD2-AEBA-698A0160DF43}.Release.Build.0 = Release|Win32
	EndGlobalSection
	GlobalSection(ExtensibilityGlobals) = postSolution
	EndGlobalSection
	GlobalSection(ExtensibilityAddIns) = postSolution
	EndGlobalSection
EndGlobal
